{
  "requires": true,
  "lockfileVersion": 1,
  "dependencies": {
    "muuri": {
      "version": "0.9.0",
      "resolved": "https://registry.npmjs.org/muuri/-/muuri-0.9.0.tgz",
      "integrity": "sha512-V9MTgphjT5GqW/Ky2VxhYz6fxPl+RjzepXNuJi45sLONgJD+upfTY1+Tg5n5rngvNlB4aZo7lQgiofMhB/tsvg=="
    }
  }
}
